
Microsoft Visual Studio Solution File, Format Version 12.00
# Visual Studio Version 16
VisualStudioVersion = 16.0.30611.23
MinimumVisualStudioVersion = 10.0.40219.1
Project("{FAE04EC0-301F-11D3-BF4B-00C04F79EFBC}") = "MessagingCenterSample.Android", "MessagingCenterSample\MessagingCenterSample.Android\MessagingCenterSample.Android.csproj", "{4037EE88-4203-4F7F-8222-C01359C95BA1}"
EndProject
Project("{FAE04EC0-301F-11D3-BF4B-00C04F79EFBC}") = "MessagingCenterSample", "MessagingCenterSample\MessagingCenterSample\MessagingCenterSample.csproj", "{8A8E0D2E-7AA1-41D2-A1A9-D61381AD377C}"
EndProject
Global
	GlobalSection(SolutionConfigurationPlatforms) = preSolution
		Debug|Any CPU = Debug|Any CPU
		Release|Any CPU = Release|Any CPU
	EndGlobalSection
	GlobalSection(ProjectConfigurationPlatforms) = postSolution
		{4037EE88-4203-4F7F-8222-C01359C95BA1}.Debug|Any CPU.ActiveCfg = Debug|Any CPU
		{4037EE88-4203-4F7F-8222-C01359C95BA1}.Debug|Any CPU.Build.0 = Debug|Any CPU
		{4037EE88-4203-4F7F-8222-C01359C95BA1}.Debug|Any CPU.Deploy.0 = Debug|Any CPU
		{4037EE88-4203-4F7F-8222-C01359C95BA1}.Release|Any CPU.ActiveCfg = Release|Any CPU
		{4037EE88-4203-4F7F-8222-C01359C95BA1}.Release|Any CPU.Build.0 = Release|Any CPU
		{4037EE88-4203-4F7F-8222-C01359C95BA1}.Release|Any CPU.Deploy.0 = Release|Any CPU
		{8A8E0D2E-7AA1-41D2-A1A9-D61381AD377C}.Debug|Any CPU.ActiveCfg = Debug|Any CPU
		{8A8E0D2E-7AA1-41D2-A1A9-D61381AD377C}.Debug|Any CPU.Build.0 = Debug|Any CPU
		{8A8E0D2E-7AA1-41D2-A1A9-D61381AD377C}.Debug|Any CPU.Deploy.0 = Debug|Any CPU
		{8A8E0D2E-7AA1-41D2-A1A9-D61381AD377C}.Release|Any CPU.ActiveCfg = Release|Any CPU
		{8A8E0D2E-7AA1-41D2-A1A9-D61381AD377C}.Release|Any CPU.Build.0 = Release|Any CPU
		{8A8E0D2E-7AA1-41D2-A1A9-D61381AD377C}.Release|Any CPU.Deploy.0 = Release|Any CPU
	EndGlobalSection
	GlobalSection(SolutionProperties) = preSolution
		HideSolutionNode = FALSE
	EndGlobalSection
	GlobalSection(ExtensibilityGlobals) = postSolution
		SolutionGuid = {25AE67F5-46D1-483F-980B-A43788FD2F37}
	EndGlobalSection
EndGlobal
